
Microsoft Visual Studio Solution File, Format Version 12.00
# Visual Studio Version 18
VisualStudioVersion = 18.4.11620.152
MinimumVisualStudioVersion = 10.0.40219.1
Project("{FAE04EC0-301F-11D3-BF4B-00C04F79EFBC}") = "Execute.Sql.Paradox", "Execute.Sql.Paradox.csproj", "{BD0D2301-E776-CE5E-0C64-3F27BD7420B8}"
EndProject
Project("{FAE04EC0-301F-11D3-BF4B-00C04F79EFBC}") = "OdbcConsole", "OdbcConsole\OdbcConsole.csproj", "{C6BF2D0B-7DF7-4D0B-BCC5-4A870DDF22DC}"
EndProject
Global
	GlobalSection(SolutionConfigurationPlatforms) = preSolution
		Debug|Any CPU = Debug|Any CPU
		Release|Any CPU = Release|Any CPU
	EndGlobalSection
	GlobalSection(ProjectConfigurationPlatforms) = postSolution
		{BD0D2301-E776-CE5E-0C64-3F27BD7420B8}.Debug|Any CPU.ActiveCfg = Debug|Any CPU
		{BD0D2301-E776-CE5E-0C64-3F27BD7420B8}.Debug|Any CPU.Build.0 = Debug|Any CPU
		{BD0D2301-E776-CE5E-0C64-3F27BD7420B8}.Release|Any CPU.ActiveCfg = Release|Any CPU
		{BD0D2301-E776-CE5E-0C64-3F27BD7420B8}.Release|Any CPU.Build.0 = Release|Any CPU
		{C6BF2D0B-7DF7-4D0B-BCC5-4A870DDF22DC}.Debug|Any CPU.ActiveCfg = Debug|Any CPU
		{C6BF2D0B-7DF7-4D0B-BCC5-4A870DDF22DC}.Debug|Any CPU.Build.0 = Debug|Any CPU
		{C6BF2D0B-7DF7-4D0B-BCC5-4A870DDF22DC}.Release|Any CPU.ActiveCfg = Release|Any CPU
		{C6BF2D0B-7DF7-4D0B-BCC5-4A870DDF22DC}.Release|Any CPU.Build.0 = Release|Any CPU
	EndGlobalSection
	GlobalSection(SolutionProperties) = preSolution
		HideSolutionNode = FALSE
	EndGlobalSection
	GlobalSection(ExtensibilityGlobals) = postSolution
		SolutionGuid = {775D1F9A-6708-41EE-960A-D3CC97515BA8}
	EndGlobalSection
EndGlobal
